// !$*UTF8*$!
{
	archiveVersion = 1;
	classes = {
	};
	objectVersion = 46;
	objects = {

/* Begin PBXBuildFile section */
		5123D5F61EBF9D40003A1EE0 /* AppDelegate.swift in Sources */ = {isa = PBXBuildFile; fileRef = 5123D5F51EBF9D40003A1EE0 /* AppDelegate.swift */; };
		5123D5F81EBF9D40003A1EE0 /* GameScene.sks in Resources */ = {isa = PBXBuildFile; fileRef = 5123D5F71EBF9D40003A1EE0 /* GameScene.sks */; };
		5123D5FE1EBF9D40003A1EE0 /* GameScene.swift in Sources */ = {isa = PBXBuildFile; fileRef = 5123D5FD1EBF9D40003A1EE0 /* GameScene.swift */; };
		5123D6001EBF9D40003A1EE0 /* GameViewController.swift in Sources */ = {isa = PBXBuildFile; fileRef = 5123D5FF1EBF9D40003A1EE0 /* GameViewController.swift */; };
		5123D6031EBF9D40003A1EE0 /* Main.storyboard in Resources */ = {isa = PBXBuildFile; fileRef = 5123D6011EBF9D40003A1EE0 /* Main.storyboard */; };
		5123D6051EBF9D40003A1EE0 /* Assets.xcassets in Resources */ = {isa = PBXBuildFile; fileRef = 5123D6041EBF9D40003A1EE0 /* Assets.xcassets */; };
		5123D6111EBFA1E9003A1EE0 /* cyborgNinja.mp3 in Resources */ = {isa = PBXBuildFile; fileRef = 5123D60C1EBFA1E9003A1EE0 /* cyborgNinja.mp3 */; };
		5123D6121EBFA1E9003A1EE0 /* enemy1Weapon.wav in Resources */ = {isa = PBXBuildFile; fileRef = 5123D60D1EBFA1E9003A1EE0 /* enemy1Weapon.wav */; };
		5123D6131EBFA1E9003A1EE0 /* explosion.wav in Resources */ = {isa = PBXBuildFile; fileRef = 5123D60E1EBFA1E9003A1EE0 /* explosion.wav */; };
		5123D6141EBFA1E9003A1EE0 /* gameOver.wav in Resources */ = {isa = PBXBuildFile; fileRef = 5123D60F1EBFA1E9003A1EE0 /* gameOver.wav */; };
		5123D6151EBFA1E9003A1EE0 /* playerWeapon.wav in Resources */ = {isa = PBXBuildFile; fileRef = 5123D6101EBFA1E9003A1EE0 /* playerWeapon.wav */; };
		51A3961F1EC07A3A0090E0EE /* ButtonNode.swift in Sources */ = {isa = PBXBuildFile; fileRef = 51A3961E1EC07A3A0090E0EE /* ButtonNode.swift */; };
		51A396211EC09A350090E0EE /* PlayScene.swift in Sources */ = {isa = PBXBuildFile; fileRef = 51A396201EC09A350090E0EE /* PlayScene.swift */; };
		51A396231EC0B6750090E0EE /* starfield.sks in Resources */ = {isa = PBXBuildFile; fileRef = 51A396221EC0B6750090E0EE /* starfield.sks */; };
		51A396251EC0FD810090E0EE /* EnemyNode.swift in Sources */ = {isa = PBXBuildFile; fileRef = 51A396241EC0FD810090E0EE /* EnemyNode.swift */; };
		51A396271EC1FF940090E0EE /* explosion.sks in Resources */ = {isa = PBXBuildFile; fileRef = 51A396261EC1FF940090E0EE /* explosion.sks */; };
/* End PBXBuildFile section */

/* Begin PBXFileReference section */
		5123D5F21EBF9D40003A1EE0 /* Project8.app */ = {isa = PBXFileReference; explicitFileType = wrapper.application; includeInIndex = 0; path = Project8.app; sourceTree = BUILT_PRODUCTS_DIR; };
		5123D5F51EBF9D40003A1EE0 /* AppDelegate.swift */ = {isa = PBXFileReference; lastKnownFileType = sourcecode.swift; path = AppDelegate.swift; sourceTree = "<group>"; };
		5123D5F71EBF9D40003A1EE0 /* GameScene.sks */ = {isa = PBXFileReference; lastKnownFileType = file.sks; path = GameScene.sks; sourceTree = "<group>"; };
		5123D5FD1EBF9D40003A1EE0 /* GameScene.swift */ = {isa = PBXFileReference; lastKnownFileType = sourcecode.swift; path = GameScene.swift; sourceTree = "<group>"; };
		5123D5FF1EBF9D40003A1EE0 /* GameViewController.swift */ = {isa = PBXFileReference; lastKnownFileType = sourcecode.swift; path = GameViewController.swift; sourceTree = "<group>"; };
		5123D6021EBF9D40003A1EE0 /* Base */ = {isa = PBXFileReference; lastKnownFileType = file.storyboard; name = Base; path = Base.lproj/Main.storyboard; sourceTree = "<group>"; };
		5123D6041EBF9D40003A1EE0 /* Assets.xcassets */ = {isa = PBXFileReference; lastKnownFileType = folder.assetcatalog; path = Assets.xcassets; sourceTree = "<group>"; };
		5123D6061EBF9D40003A1EE0 /* Info.plist */ = {isa = PBXFileReference; lastKnownFileType = text.plist.xml; path = Info.plist; sourceTree = "<group>"; };
		5123D60C1EBFA1E9003A1EE0 /* cyborgNinja.mp3 */ = {isa = PBXFileReference; lastKnownFileType = audio.mp3; path = cyborgNinja.mp3; sourceTree = "<group>"; };
		5123D60D1EBFA1E9003A1EE0 /* enemy1Weapon.wav */ = {isa = PBXFileReference; lastKnownFileType = audio.wav; path = enemy1Weapon.wav; sourceTree = "<group>"; };
		5123D60E1EBFA1E9003A1EE0 /* explosion.wav */ = {isa = PBXFileReference; lastKnownFileType = audio.wav; path = explosion.wav; sourceTree = "<group>"; };
		5123D60F1EBFA1E9003A1EE0 /* gameOver.wav */ = {isa = PBXFileReference; lastKnownFileType = audio.wav; path = gameOver.wav; sourceTree = "<group>"; };
		5123D6101EBFA1E9003A1EE0 /* playerWeapon.wav */ = {isa = PBXFileReference; lastKnownFileType = audio.wav; path = playerWeapon.wav; sourceTree = "<group>"; };
		51A3961E1EC07A3A0090E0EE /* ButtonNode.swift */ = {isa = PBXFileReference; fileEncoding = 4; lastKnownFileType = sourcecode.swift; path = ButtonNode.swift; sourceTree = "<group>"; };
		51A396201EC09A350090E0EE /* PlayScene.swift */ = {isa = PBXFileReference; fileEncoding = 4; lastKnownFileType = sourcecode.swift; path = PlayScene.swift; sourceTree = "<group>"; };
		51A396221EC0B6750090E0EE /* starfield.sks */ = {isa = PBXFileReference; lastKnownFileType = file.sks; path = starfield.sks; sourceTree = "<group>"; };
		51A396241EC0FD810090E0EE /* EnemyNode.swift */ = {isa = PBXFileReference; fileEncoding = 4; lastKnownFileType = sourcecode.swift; path = EnemyNode.swift; sourceTree = "<group>"; };
		51A396261EC1FF940090E0EE /* explosion.sks */ = {isa = PBXFileReference; lastKnownFileType = file.sks; path = explosion.sks; sourceTree = "<group>"; };
/* End PBXFileReference section */

/* Begin PBXFrameworksBuildPhase section */
		5123D5EF1EBF9D40003A1EE0 /* Frameworks */ = {
			isa = PBXFrameworksBuildPhase;
			buildActionMask = 2147483647;
			files = (
			);
			runOnlyForDeploymentPostprocessing = 0;
		};
/* End PBXFrameworksBuildPhase section */

/* Begin PBXGroup section */
		5123D5E91EBF9D40003A1EE0 = {
			isa = PBXGroup;
			children = (
				5123D5F41EBF9D40003A1EE0 /* Project8 */,
				5123D5F31EBF9D40003A1EE0 /* Products */,
			);
			sourceTree = "<group>";
		};
		5123D5F31EBF9D40003A1EE0 /* Products */ = {
			isa = PBXGroup;
			children = (
				5123D5F21EBF9D40003A1EE0 /* Project8.app */,
			);
			name = Products;
			sourceTree = "<group>";
		};
		5123D5F41EBF9D40003A1EE0 /* Project8 */ = {
			isa = PBXGroup;
			children = (
				5123D5F51EBF9D40003A1EE0 /* AppDelegate.swift */,
				5123D5F71EBF9D40003A1EE0 /* GameScene.sks */,
				51A396241EC0FD810090E0EE /* EnemyNode.swift */,
				51A396261EC1FF940090E0EE /* explosion.sks */,
				5123D5FD1EBF9D40003A1EE0 /* GameScene.swift */,
				51A396201EC09A350090E0EE /* PlayScene.swift */,
				51A396221EC0B6750090E0EE /* starfield.sks */,
				51A3961E1EC07A3A0090E0EE /* ButtonNode.swift */,
				5123D5FF1EBF9D40003A1EE0 /* GameViewController.swift */,
				5123D6011EBF9D40003A1EE0 /* Main.storyboard */,
				5123D6041EBF9D40003A1EE0 /* Assets.xcassets */,
				5123D6061EBF9D40003A1EE0 /* Info.plist */,
				5123D60C1EBFA1E9003A1EE0 /* cyborgNinja.mp3 */,
				5123D60D1EBFA1E9003A1EE0 /* enemy1Weapon.wav */,
				5123D60E1EBFA1E9003A1EE0 /* explosion.wav */,
				5123D60F1EBFA1E9003A1EE0 /* gameOver.wav */,
				5123D6101EBFA1E9003A1EE0 /* playerWeapon.wav */,
			);
			path = Project8;
			sourceTree = "<group>";
		};
/* End PBXGroup section */

/* Begin PBXNativeTarget section */
		5123D5F11EBF9D40003A1EE0 /* Project8 */ = {
			isa = PBXNativeTarget;
			buildConfigurationList = 5123D6091EBF9D40003A1EE0 /* Build configuration list for PBXNativeTarget "Project8" */;
			buildPhases = (
				5123D5EE1EBF9D40003A1EE0 /* Sources */,
				5123D5EF1EBF9D40003A1EE0 /* Frameworks */,
				5123D5F01EBF9D40003A1EE0 /* Resources */,
			);
			buildRules = (
			);
			dependencies = (
			);
			name = Project8;
			productName = Project8;
			productReference = 5123D5F21EBF9D40003A1EE0 /* Project8.app */;
			productType = "com.apple.product-type.application";
		};
/* End PBXNativeTarget section */

/* Begin PBXProject section */
		5123D5EA1EBF9D40003A1EE0 /* Project object */ = {
			isa = PBXProject;
			attributes = {
				LastSwiftUpdateCheck = 0830;
				LastUpgradeCheck = 1020;
				ORGANIZATIONNAME = "Paul Hudson";
				TargetAttributes = {
					5123D5F11EBF9D40003A1EE0 = {
						CreatedOnToolsVersion = 8.3.2;
						DevelopmentTeam = B5C26XE59E;
						LastSwiftMigration = 1020;
						ProvisioningStyle = Automatic;
					};
				};
			};
			buildConfigurationList = 5123D5ED1EBF9D40003A1EE0 /* Build configuration list for PBXProject "Project8" */;
			compatibilityVersion = "Xcode 3.2";
			developmentRegion = en;
			hasScannedForEncodings = 0;
			knownRegions = (
				en,
				Base,
			);
			mainGroup = 5123D5E91EBF9D40003A1EE0;
			productRefGroup = 5123D5F31EBF9D40003A1EE0 /* Products */;
			projectDirPath = "";
			projectRoot = "";
			targets = (
				5123D5F11EBF9D40003A1EE0 /* Project8 */,
			);
		};
/* End PBXProject section */

/* Begin PBXResourcesBuildPhase section */
		5123D5F01EBF9D40003A1EE0 /* Resources */ = {
			isa = PBXResourcesBuildPhase;
			buildActionMask = 2147483647;
			files = (
				5123D5F81EBF9D40003A1EE0 /* GameScene.sks in Resources */,
				51A396271EC1FF940090E0EE /* explosion.sks in Resources */,
				5123D6131EBFA1E9003A1EE0 /* explosion.wav in Resources */,
				5123D6031EBF9D40003A1EE0 /* Main.storyboard in Resources */,
				5123D6151EBFA1E9003A1EE0 /* playerWeapon.wav in Resources */,
				5123D6121EBFA1E9003A1EE0 /* enemy1Weapon.wav in Resources */,
				5123D6051EBF9D40003A1EE0 /* Assets.xcassets in Resources */,
				5123D6141EBFA1E9003A1EE0 /* gameOver.wav in Resources */,
				5123D6111EBFA1E9003A1EE0 /* cyborgNinja.mp3 in Resources */,
				51A396231EC0B6750090E0EE /* starfield.sks in Resources */,
			);
			runOnlyForDeploymentPostprocessing = 0;
		};
/* End PBXResourcesBuildPhase section */

/* Begin PBXSourcesBuildPhase section */
		5123D5EE1EBF9D40003A1EE0 /* Sources */ = {
			isa = PBXSourcesBuildPhase;
			buildActionMask = 2147483647;
			files = (
				5123D5FE1EBF9D40003A1EE0 /* GameScene.swift in Sources */,
				51A396211EC09A350090E0EE /* PlayScene.swift in Sources */,
				51A3961F1EC07A3A0090E0EE /* ButtonNode.swift in Sources */,
				5123D6001EBF9D40003A1EE0 /* GameViewController.swift in Sources */,
				51A396251EC0FD810090E0EE /* EnemyNode.swift in Sources */,
				5123D5F61EBF9D40003A1EE0 /* AppDelegate.swift in Sources */,
			);
			runOnlyForDeploymentPostprocessing = 0;
		};
/* End PBXSourcesBuildPhase section */

/* Begin PBXVariantGroup section */
		5123D6011EBF9D40003A1EE0 /* Main.storyboard */ = {
			isa = PBXVariantGroup;
			children = (
				5123D6021EBF9D40003A1EE0 /* Base */,
			);
			name = Main.storyboard;
			sourceTree = "<group>";
		};
/* End PBXVariantGroup section */

/* Begin XCBuildConfiguration section */
		5123D6071EBF9D40003A1EE0 /* Debug */ = {
			isa = XCBuildConfiguration;
			buildSettings = {
				ALWAYS_SEARCH_USER_PATHS = NO;
				CLANG_ANALYZER_LOCALIZABILITY_NONLOCALIZED = YES;
				CLANG_ANALYZER_NONNULL = YES;
				CLANG_ANALYZER_NUMBER_OBJECT_CONVERSION = YES_AGGRESSIVE;
				CLANG_CXX_LANGUAGE_STANDARD = "gnu++0x";
				CLANG_CXX_LIBRARY = "libc++";
				CLANG_ENABLE_MODULES = YES;
				CLANG_ENABLE_OBJC_ARC = YES;
				CLANG_WARN_BLOCK_CAPTURE_AUTORELEASING = YES;
				CLANG_WARN_BOOL_CONVERSION = YES;
				CLANG_WARN_COMMA = YES;
				CLANG_WARN_CONSTANT_CONVERSION = YES;
				CLANG_WARN_DEPRECATED_OBJC_IMPLEMENTATIONS = YES;
				CLANG_WARN_DIRECT_OBJC_ISA_USAGE = YES_ERROR;
				CLANG_WARN_DOCUMENTATION_COMMENTS = YES;
				CLANG_WARN_EMPTY_BODY = YES;
				CLANG_WARN_ENUM_CONVERSION = YES;
				CLANG_WARN_INFINITE_RECURSION = YES;
				CLANG_WARN_INT_CONVERSION = YES;
				CLANG_WARN_NON_LITERAL_NULL_CONVERSION = YES;
				CLANG_WARN_OBJC_IMPLICIT_RETAIN_SELF = YES;
				CLANG_WARN_OBJC_LITERAL_CONVERSION = YES;
				CLANG_WARN_OBJC_ROOT_CLASS = YES_ERROR;
				CLANG_WARN_RANGE_LOOP_ANALYSIS = YES;
				CLANG_WARN_STRICT_PROTOTYPES = YES;
				CLANG_WARN_SUSPICIOUS_MOVE = YES;
				CLANG_WARN_UNREACHABLE_CODE = YES;
				CLANG_WARN__DUPLICATE_METHOD_MATCH = YES;
				COPY_PHASE_STRIP = NO;
				DEBUG_INFORMATION_FORMAT = dwarf;
				ENABLE_STRICT_OBJC_MSGSEND = YES;
				ENABLE_TESTABILITY = YES;
				GCC_C_LANGUAGE_STANDARD = gnu99;
				GCC_DYNAMIC_NO_PIC = NO;
				GCC_NO_COMMON_BLOCKS = YES;
				GCC_OPTIMIZATION_LEVEL = 0;
				GCC_PREPROCESSOR_DEFINITIONS = (
					"DEBUG=1",
					"$(inherited)",
				);
				GCC_WARN_64_TO_32_BIT_CONVERSION = YES;
				GCC_WARN_ABOUT_RETURN_TYPE = YES_ERROR;
				GCC_WARN_UNDECLARED_SELECTOR = YES;
				GCC_WARN_UNINITIALIZED_AUTOS = YES_AGGRESSIVE;
				GCC_WARN_UNUSED_FUNCTION = YES;
				GCC_WARN_UNUSED_VARIABLE = YES;
				MTL_ENABLE_DEBUG_INFO = YES;
				ONLY_ACTIVE_ARCH = YES;
				SDKROOT = appletvos;
				SWIFT_ACTIVE_COMPILATION_CONDITIONS = DEBUG;
				SWIFT_OPTIMIZATION_LEVEL = "-Onone";
				TARGETED_DEVICE_FAMILY = 3;
				TVOS_DEPLOYMENT_TARGET = 12.0;
			};
			name = Debug;
		};
		5123D6081EBF9D40003A1EE0 /* Release */ = {
			isa = XCBuildConfiguration;
			buildSettings = {
				ALWAYS_SEARCH_USER_PATHS = NO;
				CLANG_ANALYZER_LOCALIZABILITY_NONLOCALIZED = YES;
				CLANG_ANALYZER_NONNULL = YES;
				CLANG_ANALYZER_NUMBER_OBJECT_CONVERSION = YES_AGGRESSIVE;
				CLANG_CXX_LANGUAGE_STANDARD = "gnu++0x";
				CLANG_CXX_LIBRARY = "libc++";
				CLANG_ENABLE_MODULES = YES;
				CLANG_ENABLE_OBJC_ARC = YES;
				CLANG_WARN_BLOCK_CAPTURE_AUTORELEASING = YES;
				CLANG_WARN_BOOL_CONVERSION = YES;
				CLANG_WARN_COMMA = YES;
				CLANG_WARN_CONSTANT_CONVERSION = YES;
				CLANG_WARN_DEPRECATED_OBJC_IMPLEMENTATIONS = YES;
				CLANG_WARN_DIRECT_OBJC_ISA_USAGE = YES_ERROR;
				CLANG_WARN_DOCUMENTATION_COMMENTS = YES;
				CLANG_WARN_EMPTY_BODY = YES;
				CLANG_WARN_ENUM_CONVERSION = YES;
				CLANG_WARN_INFINITE_RECURSION = YES;
				CLANG_WARN_INT_CONVERSION = YES;
				CLANG_WARN_NON_LITERAL_NULL_CONVERSION = YES;
				CLANG_WARN_OBJC_IMPLICIT_RETAIN_SELF = YES;
				CLANG_WARN_OBJC_LITERAL_CONVERSION = YES;
				CLANG_WARN_OBJC_ROOT_CLASS = YES_ERROR;
				CLANG_WARN_RANGE_LOOP_ANALYSIS = YES;
				CLANG_WARN_STRICT_PROTOTYPES = YES;
				CLANG_WARN_SUSPICIOUS_MOVE = YES;
				CLANG_WARN_UNREACHABLE_CODE = YES;
				CLANG_WARN__DUPLICATE_METHOD_MATCH = YES;
				COPY_PHASE_STRIP = NO;
				DEBUG_INFORMATION_FORMAT = "dwarf-with-dsym";
				ENABLE_NS_ASSERTIONS = NO;
				ENABLE_STRICT_OBJC_MSGSEND = YES;
				GCC_C_LANGUAGE_STANDARD = gnu99;
				GCC_NO_COMMON_BLOCKS = YES;
				GCC_WARN_64_TO_32_BIT_CONVERSION = YES;
				GCC_WARN_ABOUT_RETURN_TYPE = YES_ERROR;
				GCC_WARN_UNDECLARED_SELECTOR = YES;
				GCC_WARN_UNINITIALIZED_AUTOS = YES_AGGRESSIVE;
				GCC_WARN_UNUSED_FUNCTION = YES;
				GCC_WARN_UNUSED_VARIABLE = YES;
				MTL_ENABLE_DEBUG_INFO = NO;
				SDKROOT = appletvos;
				SWIFT_OPTIMIZATION_LEVEL = "-Owholemodule";
				TARGETED_DEVICE_FAMILY = 3;
				TVOS_DEPLOYMENT_TARGET = 12.0;
				VALIDATE_PRODUCT = YES;
			};
			name = Release;
		};
		5123D60A1EBF9D40003A1EE0 /* Debug */ = {
			isa = XCBuildConfiguration;
			buildSettings = {
				ASSETCATALOG_COMPILER_APPICON_NAME = "App Icon & Top Shelf Image";
				ASSETCATALOG_COMPILER_LAUNCHIMAGE_NAME = LaunchImage;
				DEVELOPMENT_TEAM = B5C26XE59E;
				INFOPLIST_FILE = Project8/Info.plist;
				LD_RUNPATH_SEARCH_PATHS = "$(inherited) @executable_path/Frameworks";
				PRODUCT_BUNDLE_IDENTIFIER = com.hackingwithswift.Project8;
				PRODUCT_NAME = "$(TARGET_NAME)";
				SWIFT_VERSION = 5.0;
			};
			name = Debug;
		};
		5123D60B1EBF9D40003A1EE0 /* Release */ = {
			isa = XCBuildConfiguration;
			buildSettings = {
				ASSETCATALOG_COMPILER_APPICON_NAME = "App Icon & Top Shelf Image";
				ASSETCATALOG_COMPILER_LAUNCHIMAGE_NAME = LaunchImage;
				DEVELOPMENT_TEAM = B5C26XE59E;
				INFOPLIST_FILE = Project8/Info.plist;
				LD_RUNPATH_SEARCH_PATHS = "$(inherited) @executable_path/Frameworks";
				PRODUCT_BUNDLE_IDENTIFIER = com.hackingwithswift.Project8;
				PRODUCT_NAME = "$(TARGET_NAME)";
				SWIFT_VERSION = 5.0;
			};
			name = Release;
		};
/* End XCBuildConfiguration section */

/* Begin XCConfigurationList section */
		5123D5ED1EBF9D40003A1EE0 /* Build configuration list for PBXProject "Project8" */ = {
			isa = XCConfigurationList;
			buildConfigurations = (
				5123D6071EBF9D40003A1EE0 /* Debug */,
				5123D6081EBF9D40003A1EE0 /* Release */,
			);
			defaultConfigurationIsVisible = 0;
			defaultConfigurationName = Release;
		};
		5123D6091EBF9D40003A1EE0 /* Build configuration list for PBXNativeTarget "Project8" */ = {
			isa = XCConfigurationList;
			buildConfigurations = (
				5123D60A1EBF9D40003A1EE0 /* Debug */,
				5123D60B1EBF9D40003A1EE0 /* Release */,
			);
			defaultConfigurationIsVisible = 0;
			defaultConfigurationName = Release;
		};
/* End XCConfigurationList section */
	};
	rootObject = 5123D5EA1EBF9D40003A1EE0 /* Project object */;
}
